Microsoft Visual Studio Solution File, Format Version 12.00
# Visual Studio Version 17
VisualStudioVersion = 17.0.31903.59
MinimumVisualStudioVersion = 10.0.40219.1
Project("{FAE04EC0-301F-11D3-BF4B-00C04F79EFBC}") = "ZipFlow.Api", "backend\ZipFlow.Api\ZipFlow.Api.csproj", "{B80FD767-8FCE-42D9-8F95-D0E4FCA1C647}"
EndProject
Global
    GlobalSection(SolutionConfigurationPlatforms) = preSolution
        Debug|Any CPU = Debug|Any CPU
        Release|Any CPU = Release|Any CPU
    EndGlobalSection
    GlobalSection(ProjectConfigurationPlatforms) = postSolution
        {B80FD767-8FCE-42D9-8F95-D0E4FCA1C647}.Debug|Any CPU.ActiveCfg = Debug|Any CPU
        {B80FD767-8FCE-42D9-8F95-D0E4FCA1C647}.Debug|Any CPU.Build.0 = Debug|Any CPU
        {B80FD767-8FCE-42D9-8F95-D0E4FCA1C647}.Release|Any CPU.ActiveCfg = Release|Any CPU
        {B80FD767-8FCE-42D9-8F95-D0E4FCA1C647}.Release|Any CPU.Build.0 = Release|Any CPU
    EndGlobalSection
EndGlobal
